
Microsoft Visual Studio Solution File, Format Version 12.00
# Visual Studio 15
VisualStudioVersion = 15.0.26124.0
MinimumVisualStudioVersion = 15.0.26124.0
Project("{2150E333-8FDC-42A3-9474-1A3956D46DE8}") = "TestData", "TestData", "{D7D49D7E-D1E3-4403-8573-CAF66A32111B}"
EndProject
Project("{9A19103F-16F7-4668-BE54-9A1E7A4F7556}") = "TestProject1", "testdata\TestProject1\TestProject1.csproj", "{30835D5C-AFE3-4BAB-AC5C-55A7AAE93C72}"
EndProject
Project("{9A19103F-16F7-4668-BE54-9A1E7A4F7556}") = "TestProject2", "testdata\TestProject2\TestProject2.csproj", "{64837B24-0459-4FD8-AE4F-026BE250DEC2}"
EndProject
Project("{2150E333-8FDC-42A3-9474-1A3956D46DE8}") = "src", "src", "{86C3637F-3F8F-45E0-B528-F9AB6DDAEA70}"
EndProject
Project("{9A19103F-16F7-4668-BE54-9A1E7A4F7556}") = "DotNetVersioning.Core", "src\DotNetVersioning.Core\DotNetVersioning.Core.csproj", "{DF693F98-F7CC-49AE-BBF1-DB3CD23ECEED}"
EndProject
Project("{9A19103F-16F7-4668-BE54-9A1E7A4F7556}") = "DotNetVersioning.Console", "src\DotNetVersioning.Console\DotNetVersioning.Console.csproj", "{E534FCB7-A6C1-4103-A565-9319D30447E5}"
EndProject
Project("{2150E333-8FDC-42A3-9474-1A3956D46DE8}") = "test", "test", "{F86727F5-EA46-46A5-81FD-FBC82607692B}"
EndProject
Project("{9A19103F-16F7-4668-BE54-9A1E7A4F7556}") = "DotNetVersioning.Tests", "src\DotNetVersioning.Tests\DotNetVersioning.Tests.csproj", "{966557F3-0F90-490A-8231-0EBA3CB1752E}"
EndProject
Project("{2150E333-8FDC-42A3-9474-1A3956D46DE8}") = "choco", "choco", "{D82F7DC2-B223-4DE0-8C60-048791DF5AFB}"
	ProjectSection(SolutionItems) = preProject
		choco\ChocoPack.ps1 = choco\ChocoPack.ps1
		choco\ChocoPush.templ.ps1 = choco\ChocoPush.templ.ps1
		choco\ChocoTest.ps1 = choco\ChocoTest.ps1
		choco\ChocoUninstall.ps1 = choco\ChocoUninstall.ps1
	EndProjectSection
EndProject
Project("{2150E333-8FDC-42A3-9474-1A3956D46DE8}") = "_Solution Items", "_Solution Items", "{4CAB8D3F-ED1F-4A61-983B-B83EF0F51721}"
	ProjectSection(SolutionItems) = preProject
		CHANGELOG.md = CHANGELOG.md
		README.md = README.md
	EndProjectSection
EndProject
Global
	GlobalSection(SolutionConfigurationPlatforms) = preSolution
		Debug|Any CPU = Debug|Any CPU
		Debug|x64 = Debug|x64
		Debug|x86 = Debug|x86
		Release|Any CPU = Release|Any CPU
		Release|x64 = Release|x64
		Release|x86 = Release|x86
	EndGlobalSection
	GlobalSection(ProjectConfigurationPlatforms) = postSolution
		{30835D5C-AFE3-4BAB-AC5C-55A7AAE93C72}.Debug|Any CPU.ActiveCfg = Debug|Any CPU
		{30835D5C-AFE3-4BAB-AC5C-55A7AAE93C72}.Debug|Any CPU.Build.0 = Debug|Any CPU
		{30835D5C-AFE3-4BAB-AC5C-55A7AAE93C72}.Debug|x64.ActiveCfg = Debug|Any CPU
		{30835D5C-AFE3-4BAB-AC5C-55A7AAE93C72}.Debug|x64.Build.0 = Debug|Any CPU
		{30835D5C-AFE3-4BAB-AC5C-55A7AAE93C72}.Debug|x86.ActiveCfg = Debug|Any CPU
		{30835D5C-AFE3-4BAB-AC5C-55A7AAE93C72}.Debug|x86.Build.0 = Debug|Any CPU
		{30835D5C-AFE3-4BAB-AC5C-55A7AAE93C72}.Release|Any CPU.ActiveCfg = Release|Any CPU
		{30835D5C-AFE3-4BAB-AC5C-55A7AAE93C72}.Release|Any CPU.Build.0 = Release|Any CPU
		{30835D5C-AFE3-4BAB-AC5C-55A7AAE93C72}.Release|x64.ActiveCfg = Release|Any CPU
		{30835D5C-AFE3-4BAB-AC5C-55A7AAE93C72}.Release|x64.Build.0 = Release|Any CPU
		{30835D5C-AFE3-4BAB-AC5C-55A7AAE93C72}.Release|x86.ActiveCfg = Release|Any CPU
		{30835D5C-AFE3-4BAB-AC5C-55A7AAE93C72}.Release|x86.Build.0 = Release|Any CPU
		{64837B24-0459-4FD8-AE4F-026BE250DEC2}.Debug|Any CPU.ActiveCfg = Debug|Any CPU
		{64837B24-0459-4FD8-AE4F-026BE250DEC2}.Debug|Any CPU.Build.0 = Debug|Any CPU
		{64837B24-0459-4FD8-AE4F-026BE250DEC2}.Debug|x64.ActiveCfg = Debug|Any CPU
		{64837B24-0459-4FD8-AE4F-026BE250DEC2}.Debug|x64.Build.0 = Debug|Any CPU
		{64837B24-0459-4FD8-AE4F-026BE250DEC2}.Debug|x86.ActiveCfg = Debug|Any CPU
		{64837B24-0459-4FD8-AE4F-026BE250DEC2}.Debug|x86.Build.0 = Debug|Any CPU
		{64837B24-0459-4FD8-AE4F-026BE250DEC2}.Release|Any CPU.ActiveCfg = Release|Any CPU
		{64837B24-0459-4FD8-AE4F-026BE250DEC2}.Release|Any CPU.Build.0 = Release|Any CPU
		{64837B24-0459-4FD8-AE4F-026BE250DEC2}.Release|x64.ActiveCfg = Release|Any CPU
		{64837B24-0459-4FD8-AE4F-026BE250DEC2}.Release|x64.Build.0 = Release|Any CPU
		{64837B24-0459-4FD8-AE4F-026BE250DEC2}.Release|x86.ActiveCfg = Release|Any CPU
		{64837B24-0459-4FD8-AE4F-026BE250DEC2}.Release|x86.Build.0 = Release|Any CPU
		{DF693F98-F7CC-49AE-BBF1-DB3CD23ECEED}.Debug|Any CPU.ActiveCfg = Debug|Any CPU
		{DF693F98-F7CC-49AE-BBF1-DB3CD23ECEED}.Debug|Any CPU.Build.0 = Debug|Any CPU
		{DF693F98-F7CC-49AE-BBF1-DB3CD23ECEED}.Debug|x64.ActiveCfg = Debug|Any CPU
		{DF693F98-F7CC-49AE-BBF1-DB3CD23ECEED}.Debug|x64.Build.0 = Debug|Any CPU
		{DF693F98-F7CC-49AE-BBF1-DB3CD23ECEED}.Debug|x86.ActiveCfg = Debug|Any CPU
		{DF693F98-F7CC-49AE-BBF1-DB3CD23ECEED}.Debug|x86.Build.0 = Debug|Any CPU
		{DF693F98-F7CC-49AE-BBF1-DB3CD23ECEED}.Release|Any CPU.ActiveCfg = Release|Any CPU
		{DF693F98-F7CC-49AE-BBF1-DB3CD23ECEED}.Release|Any CPU.Build.0 = Release|Any CPU
		{DF693F98-F7CC-49AE-BBF1-DB3CD23ECEED}.Release|x64.ActiveCfg = Release|Any CPU
		{DF693F98-F7CC-49AE-BBF1-DB3CD23ECEED}.Release|x64.Build.0 = Release|Any CPU
		{DF693F98-F7CC-49AE-BBF1-DB3CD23ECEED}.Release|x86.ActiveCfg = Release|Any CPU
		{DF693F98-F7CC-49AE-BBF1-DB3CD23ECEED}.Release|x86.Build.0 = Release|Any CPU
		{E534FCB7-A6C1-4103-A565-9319D30447E5}.Debug|Any CPU.ActiveCfg = Debug|Any CPU
		{E534FCB7-A6C1-4103-A565-9319D30447E5}.Debug|Any CPU.Build.0 = Debug|Any CPU
		{E534FCB7-A6C1-4103-A565-9319D30447E5}.Debug|x64.ActiveCfg = Debug|Any CPU
		{E534FCB7-A6C1-4103-A565-9319D30447E5}.Debug|x64.Build.0 = Debug|Any CPU
		{E534FCB7-A6C1-4103-A565-9319D30447E5}.Debug|x86.ActiveCfg = Debug|Any CPU
		{E534FCB7-A6C1-4103-A565-9319D30447E5}.Debug|x86.Build.0 = Debug|Any CPU
		{E534FCB7-A6C1-4103-A565-9319D30447E5}.Release|Any CPU.ActiveCfg = Release|Any CPU
		{E534FCB7-A6C1-4103-A565-9319D30447E5}.Release|Any CPU.Build.0 = Release|Any CPU
		{E534FCB7-A6C1-4103-A565-9319D30447E5}.Release|x64.ActiveCfg = Release|Any CPU
		{E534FCB7-A6C1-4103-A565-9319D30447E5}.Release|x64.Build.0 = Release|Any CPU
		{E534FCB7-A6C1-4103-A565-9319D30447E5}.Release|x86.ActiveCfg = Release|Any CPU
		{E534FCB7-A6C1-4103-A565-9319D30447E5}.Release|x86.Build.0 = Release|Any CPU
		{966557F3-0F90-490A-8231-0EBA3CB1752E}.Debug|Any CPU.ActiveCfg = Debug|Any CPU
		{966557F3-0F90-490A-8231-0EBA3CB1752E}.Debug|Any CPU.Build.0 = Debug|Any CPU
		{966557F3-0F90-490A-8231-0EBA3CB1752E}.Debug|x64.ActiveCfg = Debug|Any CPU
		{966557F3-0F90-490A-8231-0EBA3CB1752E}.Debug|x64.Build.0 = Debug|Any CPU
		{966557F3-0F90-490A-8231-0EBA3CB1752E}.Debug|x86.ActiveCfg = Debug|Any CPU
		{966557F3-0F90-490A-8231-0EBA3CB1752E}.Debug|x86.Build.0 = Debug|Any CPU
		{966557F3-0F90-490A-8231-0EBA3CB1752E}.Release|Any CPU.ActiveCfg = Release|Any CPU
		{966557F3-0F90-490A-8231-0EBA3CB1752E}.Release|Any CPU.Build.0 = Release|Any CPU
		{966557F3-0F90-490A-8231-0EBA3CB1752E}.Release|x64.ActiveCfg = Release|Any CPU
		{966557F3-0F90-490A-8231-0EBA3CB1752E}.Release|x64.Build.0 = Release|Any CPU
		{966557F3-0F90-490A-8231-0EBA3CB1752E}.Release|x86.ActiveCfg = Release|Any CPU
		{966557F3-0F90-490A-8231-0EBA3CB1752E}.Release|x86.Build.0 = Release|Any CPU
	EndGlobalSection
	GlobalSection(SolutionProperties) = preSolution
		HideSolutionNode = FALSE
	EndGlobalSection
	GlobalSection(NestedProjects) = preSolution
		{D7D49D7E-D1E3-4403-8573-CAF66A32111B} = {F86727F5-EA46-46A5-81FD-FBC82607692B}
		{30835D5C-AFE3-4BAB-AC5C-55A7AAE93C72} = {D7D49D7E-D1E3-4403-8573-CAF66A32111B}
		{64837B24-0459-4FD8-AE4F-026BE250DEC2} = {D7D49D7E-D1E3-4403-8573-CAF66A32111B}
		{DF693F98-F7CC-49AE-BBF1-DB3CD23ECEED} = {86C3637F-3F8F-45E0-B528-F9AB6DDAEA70}
		{E534FCB7-A6C1-4103-A565-9319D30447E5} = {86C3637F-3F8F-45E0-B528-F9AB6DDAEA70}
		{966557F3-0F90-490A-8231-0EBA3CB1752E} = {F86727F5-EA46-46A5-81FD-FBC82607692B}
	EndGlobalSection
	GlobalSection(ExtensibilityGlobals) = postSolution
		SolutionGuid = {57EF17C6-AD4D-45D8-B4BC-CEEB0DD7EF6A}
	EndGlobalSection
EndGlobal
